
Microsoft Visual Studio Solution File, Format Version 12.00
# Visual Studio 15
VisualStudioVersion = 15.0.27130.2010
MinimumVisualStudioVersion = 10.0.40219.1
Project("{FAE04EC0-301F-11D3-BF4B-00C04F79EFBC}") = "Functional.Maybe", "Functional.Maybe.csproj", "{00B0E43D-BEDB-4802-8CC2-F37BB9C11907}"
EndProject
Project("{FAE04EC0-301F-11D3-BF4B-00C04F79EFBC}") = "Functional.Maybe.Tests", "Functional.Maybe.Tests\Functional.Maybe.Tests.csproj", "{1D6DE14E-E8CC-4220-A57F-4809916CBD45}"
EndProject
Project("{FAE04EC0-301F-11D3-BF4B-00C04F79EFBC}") = "Functional.Maybe.Net35", "Functional.Maybe.Net35.csproj", "{271CD5F9-6DB4-40A3-8E1F-310C6E0A147E}"
EndProject
Global
	GlobalSection(SolutionConfigurationPlatforms) = preSolution
		Debug|Any CPU = Debug|Any CPU
		Release|Any CPU = Release|Any CPU
	EndGlobalSection
	GlobalSection(ProjectConfigurationPlatforms) = postSolution
		{00B0E43D-BEDB-4802-8CC2-F37BB9C11907}.Debug|Any CPU.ActiveCfg = Debug|Any CPU
		{00B0E43D-BEDB-4802-8CC2-F37BB9C11907}.Debug|Any CPU.Build.0 = Debug|Any CPU
		{00B0E43D-BEDB-4802-8CC2-F37BB9C11907}.Release|Any CPU.ActiveCfg = Release|Any CPU
		{00B0E43D-BEDB-4802-8CC2-F37BB9C11907}.Release|Any CPU.Build.0 = Release|Any CPU
		{1D6DE14E-E8CC-4220-A57F-4809916CBD45}.Debug|Any CPU.ActiveCfg = Debug|Any CPU
		{1D6DE14E-E8CC-4220-A57F-4809916CBD45}.Debug|Any CPU.Build.0 = Debug|Any CPU
		{1D6DE14E-E8CC-4220-A57F-4809916CBD45}.Release|Any CPU.ActiveCfg = Release|Any CPU
		{1D6DE14E-E8CC-4220-A57F-4809916CBD45}.Release|Any CPU.Build.0 = Release|Any CPU
		{271CD5F9-6DB4-40A3-8E1F-310C6E0A147E}.Debug|Any CPU.ActiveCfg = Debug|Any CPU
		{271CD5F9-6DB4-40A3-8E1F-310C6E0A147E}.Debug|Any CPU.Build.0 = Debug|Any CPU
		{271CD5F9-6DB4-40A3-8E1F-310C6E0A147E}.Release|Any CPU.ActiveCfg = Release|Any CPU
		{271CD5F9-6DB4-40A3-8E1F-310C6E0A147E}.Release|Any CPU.Build.0 = Release|Any CPU
	EndGlobalSection
	GlobalSection(SolutionProperties) = preSolution
		HideSolutionNode = FALSE
	EndGlobalSection
	GlobalSection(ExtensibilityGlobals) = postSolution
		SolutionGuid = {F57FB799-8E9D-413C-8A8D-409848D3BCDB}
	EndGlobalSection
EndGlobal
